
Microsoft Visual Studio Solution File, Format Version 12.00
# Visual Studio Version 17
VisualStudioVersion = 17.7.34302.85
MinimumVisualStudioVersion = 10.0.40219.1
Project("{FAE04EC0-301F-11D3-BF4B-00C04F79EFBC}") = "C#-ConsoleProject", "C#-ConsoleProject\C#-ConsoleProject.csproj", "{74B01E77-EBB4-41A0-88D3-FB1CB571D54D}"
EndProject
Project("{FAE04EC0-301F-11D3-BF4B-00C04F79EFBC}") = "Domain", "Domain\Domain.csproj", "{1504698E-C1EB-42B9-8F00-3E302F4B1B37}"
EndProject
Project("{FAE04EC0-301F-11D3-BF4B-00C04F79EFBC}") = "Repository", "Repository\Repository.csproj", "{A8F73A9D-8FFD-4226-B58A-B751F677946C}"
EndProject
Project("{FAE04EC0-301F-11D3-BF4B-00C04F79EFBC}") = "Service", "Service\Service.csproj", "{4D8D7B56-A905-45C7-8E05-16754C7A7A9B}"
EndProject
Global
	GlobalSection(SolutionConfigurationPlatforms) = preSolution
		Debug|Any CPU = Debug|Any CPU
		Release|Any CPU = Release|Any CPU
	EndGlobalSection
	GlobalSection(ProjectConfigurationPlatforms) = postSolution
		{74B01E77-EBB4-41A0-88D3-FB1CB571D54D}.Debug|Any CPU.ActiveCfg = Debug|Any CPU
		{74B01E77-EBB4-41A0-88D3-FB1CB571D54D}.Debug|Any CPU.Build.0 = Debug|Any CPU
		{74B01E77-EBB4-41A0-88D3-FB1CB571D54D}.Release|Any CPU.ActiveCfg = Release|Any CPU
		{74B01E77-EBB4-41A0-88D3-FB1CB571D54D}.Release|Any CPU.Build.0 = Release|Any CPU
		{1504698E-C1EB-42B9-8F00-3E302F4B1B37}.Debug|Any CPU.ActiveCfg = Debug|Any CPU
		{1504698E-C1EB-42B9-8F00-3E302F4B1B37}.Debug|Any CPU.Build.0 = Debug|Any CPU
		{1504698E-C1EB-42B9-8F00-3E302F4B1B37}.Release|Any CPU.ActiveCfg = Release|Any CPU
		{1504698E-C1EB-42B9-8F00-3E302F4B1B37}.Release|Any CPU.Build.0 = Release|Any CPU
		{A8F73A9D-8FFD-4226-B58A-B751F677946C}.Debug|Any CPU.ActiveCfg = Debug|Any CPU
		{A8F73A9D-8FFD-4226-B58A-B751F677946C}.Debug|Any CPU.Build.0 = Debug|Any CPU
		{A8F73A9D-8FFD-4226-B58A-B751F677946C}.Release|Any CPU.ActiveCfg = Release|Any CPU
		{A8F73A9D-8FFD-4226-B58A-B751F677946C}.Release|Any CPU.Build.0 = Release|Any CPU
		{4D8D7B56-A905-45C7-8E05-16754C7A7A9B}.Debug|Any CPU.ActiveCfg = Debug|Any CPU
		{4D8D7B56-A905-45C7-8E05-16754C7A7A9B}.Debug|Any CPU.Build.0 = Debug|Any CPU
		{4D8D7B56-A905-45C7-8E05-16754C7A7A9B}.Release|Any CPU.ActiveCfg = Release|Any CPU
		{4D8D7B56-A905-45C7-8E05-16754C7A7A9B}.Release|Any CPU.Build.0 = Release|Any CPU
	EndGlobalSection
	GlobalSection(SolutionProperties) = preSolution
		HideSolutionNode = FALSE
	EndGlobalSection
	GlobalSection(ExtensibilityGlobals) = postSolution
		SolutionGuid = {CEA14ECE-A15D-45C1-A7CB-92F44F911EDA}
	EndGlobalSection
EndGlobal
